// !$*UTF8*$!
{
	archiveVersion = 1;
	classes = {
	};
	objectVersion = 56;
	objects = {

/* Begin PBXBuildFile section */
		AADBBC6F2931C77B00698658 /* ChatAppUIMacOSApp.swift in Sources */ = {isa = PBXBuildFile; fileRef = AADBBC6E2931C77B00698658 /* ChatAppUIMacOSApp.swift */; };
		AADBBC712931C77B00698658 /* ContentView.swift in Sources */ = {isa = PBXBuildFile; fileRef = AADBBC702931C77B00698658 /* ContentView.swift */; };
		AADBBC732931C77D00698658 /* Assets.xcassets in Resources */ = {isa = PBXBuildFile; fileRef = AADBBC722931C77D00698658 /* Assets.xcassets */; };
		AADBBC772931C77D00698658 /* Preview Assets.xcassets in Resources */ = {isa = PBXBuildFile; fileRef = AADBBC762931C77D00698658 /* Preview Assets.xcassets */; };
		AADBBC812931C7ED00698658 /* Home.swift in Sources */ = {isa = PBXBuildFile; fileRef = AADBBC802931C7ED00698658 /* Home.swift */; };
		AADBBC832931C83800698658 /* TabButton.swift in Sources */ = {isa = PBXBuildFile; fileRef = AADBBC822931C83800698658 /* TabButton.swift */; };
		AADBBC852931C96700698658 /* HomeViewModel.swift in Sources */ = {isa = PBXBuildFile; fileRef = AADBBC842931C96700698658 /* HomeViewModel.swift */; };
		AADBBC872931CADF00698658 /* BlurView.swift in Sources */ = {isa = PBXBuildFile; fileRef = AADBBC862931CADF00698658 /* BlurView.swift */; };
		AADBBC892931CC8900698658 /* AllChatsView.swift in Sources */ = {isa = PBXBuildFile; fileRef = AADBBC882931CC8900698658 /* AllChatsView.swift */; };
		AADBBC8B2931CCE500698658 /* RecentMessage.swift in Sources */ = {isa = PBXBuildFile; fileRef = AADBBC8A2931CCE500698658 /* RecentMessage.swift */; };
		AADBBC8D2931CDD600698658 /* Message.swift in Sources */ = {isa = PBXBuildFile; fileRef = AADBBC8C2931CDD600698658 /* Message.swift */; };
		AADBBC8F2931CFA700698658 /* RecentCardView.swift in Sources */ = {isa = PBXBuildFile; fileRef = AADBBC8E2931CFA700698658 /* RecentCardView.swift */; };
		AADBBC912931DC8C00698658 /* DetailView.swift in Sources */ = {isa = PBXBuildFile; fileRef = AADBBC902931DC8C00698658 /* DetailView.swift */; };
/* End PBXBuildFile section */

/* Begin PBXFileReference section */
		AADBBC6B2931C77B00698658 /* ChatAppUIMacOS.app */ = {isa = PBXFileReference; explicitFileType = wrapper.application; includeInIndex = 0; path = ChatAppUIMacOS.app; sourceTree = BUILT_PRODUCTS_DIR; };
		AADBBC6E2931C77B00698658 /* ChatAppUIMacOSApp.swift */ = {isa = PBXFileReference; lastKnownFileType = sourcecode.swift; path = ChatAppUIMacOSApp.swift; sourceTree = "<group>"; };
		AADBBC702931C77B00698658 /* ContentView.swift */ = {isa = PBXFileReference; lastKnownFileType = sourcecode.swift; path = ContentView.swift; sourceTree = "<group>"; };
		AADBBC722931C77D00698658 /* Assets.xcassets */ = {isa = PBXFileReference; lastKnownFileType = folder.assetcatalog; path = Assets.xcassets; sourceTree = "<group>"; };
		AADBBC742931C77D00698658 /* ChatAppUIMacOS.entitlements */ = {isa = PBXFileReference; lastKnownFileType = text.plist.entitlements; path = ChatAppUIMacOS.entitlements; sourceTree = "<group>"; };
		AADBBC762931C77D00698658 /* Preview Assets.xcassets */ = {isa = PBXFileReference; lastKnownFileType = folder.assetcatalog; path = "Preview Assets.xcassets"; sourceTree = "<group>"; };
		AADBBC802931C7ED00698658 /* Home.swift */ = {isa = PBXFileReference; lastKnownFileType = sourcecode.swift; path = Home.swift; sourceTree = "<group>"; };
		AADBBC822931C83800698658 /* TabButton.swift */ = {isa = PBXFileReference; lastKnownFileType = sourcecode.swift; path = TabButton.swift; sourceTree = "<group>"; };
		AADBBC842931C96700698658 /* HomeViewModel.swift */ = {isa = PBXFileReference; lastKnownFileType = sourcecode.swift; path = HomeViewModel.swift; sourceTree = "<group>"; };
		AADBBC862931CADF00698658 /* BlurView.swift */ = {isa = PBXFileReference; lastKnownFileType = sourcecode.swift; path = BlurView.swift; sourceTree = "<group>"; };
		AADBBC882931CC8900698658 /* AllChatsView.swift */ = {isa = PBXFileReference; lastKnownFileType = sourcecode.swift; path = AllChatsView.swift; sourceTree = "<group>"; };
		AADBBC8A2931CCE500698658 /* RecentMessage.swift */ = {isa = PBXFileReference; lastKnownFileType = sourcecode.swift; path = RecentMessage.swift; sourceTree = "<group>"; };
		AADBBC8C2931CDD600698658 /* Message.swift */ = {isa = PBXFileReference; lastKnownFileType = sourcecode.swift; path = Message.swift; sourceTree = "<group>"; };
		AADBBC8E2931CFA700698658 /* RecentCardView.swift */ = {isa = PBXFileReference; lastKnownFileType = sourcecode.swift; path = RecentCardView.swift; sourceTree = "<group>"; };
		AADBBC902931DC8C00698658 /* DetailView.swift */ = {isa = PBXFileReference; lastKnownFileType = sourcecode.swift; path = DetailView.swift; sourceTree = "<group>"; };
/* End PBXFileReference section */

/* Begin PBXFrameworksBuildPhase section */
		AADBBC682931C77A00698658 /* Frameworks */ = {
			isa = PBXFrameworksBuildPhase;
			buildActionMask = 2147483647;
			files = (
			);
			runOnlyForDeploymentPostprocessing = 0;
		};
/* End PBXFrameworksBuildPhase section */

/* Begin PBXGroup section */
		AADBBC622931C77A00698658 = {
			isa = PBXGroup;
			children = (
				AADBBC6D2931C77B00698658 /* ChatAppUIMacOS */,
				AADBBC6C2931C77B00698658 /* Products */,
			);
			sourceTree = "<group>";
		};
		AADBBC6C2931C77B00698658 /* Products */ = {
			isa = PBXGroup;
			children = (
				AADBBC6B2931C77B00698658 /* ChatAppUIMacOS.app */,
			);
			name = Products;
			sourceTree = "<group>";
		};
		AADBBC6D2931C77B00698658 /* ChatAppUIMacOS */ = {
			isa = PBXGroup;
			children = (
				AADBBC7F2931C7E000698658 /* ViewModel */,
				AADBBC7E2931C7D800698658 /* Model */,
				AADBBC7D2931C7CC00698658 /* View */,
				AADBBC6E2931C77B00698658 /* ChatAppUIMacOSApp.swift */,
				AADBBC702931C77B00698658 /* ContentView.swift */,
				AADBBC722931C77D00698658 /* Assets.xcassets */,
				AADBBC742931C77D00698658 /* ChatAppUIMacOS.entitlements */,
				AADBBC752931C77D00698658 /* Preview Content */,
			);
			path = ChatAppUIMacOS;
			sourceTree = "<group>";
		};
		AADBBC752931C77D00698658 /* Preview Content */ = {
			isa = PBXGroup;
			children = (
				AADBBC762931C77D00698658 /* Preview Assets.xcassets */,
			);
			path = "Preview Content";
			sourceTree = "<group>";
		};
		AADBBC7D2931C7CC00698658 /* View */ = {
			isa = PBXGroup;
			children = (
				AADBBC802931C7ED00698658 /* Home.swift */,
				AADBBC822931C83800698658 /* TabButton.swift */,
				AADBBC862931CADF00698658 /* BlurView.swift */,
				AADBBC882931CC8900698658 /* AllChatsView.swift */,
				AADBBC8E2931CFA700698658 /* RecentCardView.swift */,
				AADBBC902931DC8C00698658 /* DetailView.swift */,
			);
			path = View;
			sourceTree = "<group>";
		};
		AADBBC7E2931C7D800698658 /* Model */ = {
			isa = PBXGroup;
			children = (
				AADBBC8A2931CCE500698658 /* RecentMessage.swift */,
				AADBBC8C2931CDD600698658 /* Message.swift */,
			);
			path = Model;
			sourceTree = "<group>";
		};
		AADBBC7F2931C7E000698658 /* ViewModel */ = {
			isa = PBXGroup;
			children = (
				AADBBC842931C96700698658 /* HomeViewModel.swift */,
			);
			path = ViewModel;
			sourceTree = "<group>";
		};
/* End PBXGroup section */

/* Begin PBXNativeTarget section */
		AADBBC6A2931C77A00698658 /* ChatAppUIMacOS */ = {
			isa = PBXNativeTarget;
			buildConfigurationList = AADBBC7A2931C77D00698658 /* Build configuration list for PBXNativeTarget "ChatAppUIMacOS" */;
			buildPhases = (
				AADBBC672931C77A00698658 /* Sources */,
				AADBBC682931C77A00698658 /* Frameworks */,
				AADBBC692931C77A00698658 /* Resources */,
			);
			buildRules = (
			);
			dependencies = (
			);
			name = ChatAppUIMacOS;
			productName = ChatAppUIMacOS;
			productReference = AADBBC6B2931C77B00698658 /* ChatAppUIMacOS.app */;
			productType = "com.apple.product-type.application";
		};
/* End PBXNativeTarget section */

/* Begin PBXProject section */
		AADBBC632931C77A00698658 /* Project object */ = {
			isa = PBXProject;
			attributes = {
				BuildIndependentTargetsInParallel = 1;
				LastSwiftUpdateCheck = 1400;
				LastUpgradeCheck = 1400;
				TargetAttributes = {
					AADBBC6A2931C77A00698658 = {
						CreatedOnToolsVersion = 14.0.1;
					};
				};
			};
			buildConfigurationList = AADBBC662931C77A00698658 /* Build configuration list for PBXProject "ChatAppUIMacOS" */;
			compatibilityVersion = "Xcode 14.0";
			developmentRegion = en;
			hasScannedForEncodings = 0;
			knownRegions = (
				en,
				Base,
			);
			mainGroup = AADBBC622931C77A00698658;
			productRefGroup = AADBBC6C2931C77B00698658 /* Products */;
			projectDirPath = "";
			projectRoot = "";
			targets = (
				AADBBC6A2931C77A00698658 /* ChatAppUIMacOS */,
			);
		};
/* End PBXProject section */

/* Begin PBXResourcesBuildPhase section */
		AADBBC692931C77A00698658 /* Resources */ = {
			isa = PBXResourcesBuildPhase;
			buildActionMask = 2147483647;
			files = (
				AADBBC772931C77D00698658 /* Preview Assets.xcassets in Resources */,
				AADBBC732931C77D00698658 /* Assets.xcassets in Resources */,
			);
			runOnlyForDeploymentPostprocessing = 0;
		};
/* End PBXResourcesBuildPhase section */

/* Begin PBXSourcesBuildPhase section */
		AADBBC672931C77A00698658 /* Sources */ = {
			isa = PBXSourcesBuildPhase;
			buildActionMask = 2147483647;
			files = (
				AADBBC892931CC8900698658 /* AllChatsView.swift in Sources */,
				AADBBC712931C77B00698658 /* ContentView.swift in Sources */,
				AADBBC832931C83800698658 /* TabButton.swift in Sources */,
				AADBBC8D2931CDD600698658 /* Message.swift in Sources */,
				AADBBC812931C7ED00698658 /* Home.swift in Sources */,
				AADBBC912931DC8C00698658 /* DetailView.swift in Sources */,
				AADBBC8B2931CCE500698658 /* RecentMessage.swift in Sources */,
				AADBBC852931C96700698658 /* HomeViewModel.swift in Sources */,
				AADBBC8F2931CFA700698658 /* RecentCardView.swift in Sources */,
				AADBBC6F2931C77B00698658 /* ChatAppUIMacOSApp.swift in Sources */,
				AADBBC872931CADF00698658 /* BlurView.swift in Sources */,
			);
			runOnlyForDeploymentPostprocessing = 0;
		};
/* End PBXSourcesBuildPhase section */

/* Begin XCBuildConfiguration section */
		AADBBC782931C77D00698658 /* Debug */ = {
			isa = XCBuildConfiguration;
			buildSettings = {
				ALWAYS_SEARCH_USER_PATHS = NO;
				CLANG_ANALYZER_NONNULL = YES;
				CLANG_ANALYZER_NUMBER_OBJECT_CONVERSION = YES_AGGRESSIVE;
				CLANG_CXX_LANGUAGE_STANDARD = "gnu++20";
				CLANG_ENABLE_MODULES = YES;
				CLANG_ENABLE_OBJC_ARC = YES;
				CLANG_ENABLE_OBJC_WEAK = YES;
				CLANG_WARN_BLOCK_CAPTURE_AUTORELEASING = YES;
				CLANG_WARN_BOOL_CONVERSION = YES;
				CLANG_WARN_COMMA = YES;
				CLANG_WARN_CONSTANT_CONVERSION = YES;
				CLANG_WARN_DEPRECATED_OBJC_IMPLEMENTATIONS = YES;
				CLANG_WARN_DIRECT_OBJC_ISA_USAGE = YES_ERROR;
				CLANG_WARN_DOCUMENTATION_COMMENTS = YES;
				CLANG_WARN_EMPTY_BODY = YES;
				CLANG_WARN_ENUM_CONVERSION = YES;
				CLANG_WARN_INFINITE_RECURSION = YES;
				CLANG_WARN_INT_CONVERSION = YES;
				CLANG_WARN_NON_LITERAL_NULL_CONVERSION = YES;
				CLANG_WARN_OBJC_IMPLICIT_RETAIN_SELF = YES;
				CLANG_WARN_OBJC_LITERAL_CONVERSION = YES;
				CLANG_WARN_OBJC_ROOT_CLASS = YES_ERROR;
				CLANG_WARN_QUOTED_INCLUDE_IN_FRAMEWORK_HEADER = YES;
				CLANG_WARN_RANGE_LOOP_ANALYSIS = YES;
				CLANG_WARN_STRICT_PROTOTYPES = YES;
				CLANG_WARN_SUSPICIOUS_MOVE = YES;
				CLANG_WARN_UNGUARDED_AVAILABILITY = YES_AGGRESSIVE;
				CLANG_WARN_UNREACHABLE_CODE = YES;
				CLANG_WARN__DUPLICATE_METHOD_MATCH = YES;
				COPY_PHASE_STRIP = NO;
				DEBUG_INFORMATION_FORMAT = dwarf;
				ENABLE_STRICT_OBJC_MSGSEND = YES;
				ENABLE_TESTABILITY = YES;
				GCC_C_LANGUAGE_STANDARD = gnu11;
				GCC_DYNAMIC_NO_PIC = NO;
				GCC_NO_COMMON_BLOCKS = YES;
				GCC_OPTIMIZATION_LEVEL = 0;
				GCC_PREPROCESSOR_DEFINITIONS = (
					"DEBUG=1",
					"$(inherited)",
				);
				GCC_WARN_64_TO_32_BIT_CONVERSION = YES;
				GCC_WARN_ABOUT_RETURN_TYPE = YES_ERROR;
				GCC_WARN_UNDECLARED_SELECTOR = YES;
				GCC_WARN_UNINITIALIZED_AUTOS = YES_AGGRESSIVE;
				GCC_WARN_UNUSED_FUNCTION = YES;
				GCC_WARN_UNUSED_VARIABLE = YES;
				MTL_ENABLE_DEBUG_INFO = INCLUDE_SOURCE;
				MTL_FAST_MATH = YES;
				ONLY_ACTIVE_ARCH = YES;
				SWIFT_ACTIVE_COMPILATION_CONDITIONS = DEBUG;
				SWIFT_OPTIMIZATION_LEVEL = "-Onone";
			};
			name = Debug;
		};
		AADBBC792931C77D00698658 /* Release */ = {
			isa = XCBuildConfiguration;
			buildSettings = {
				ALWAYS_SEARCH_USER_PATHS = NO;
				CLANG_ANALYZER_NONNULL = YES;
				CLANG_ANALYZER_NUMBER_OBJECT_CONVERSION = YES_AGGRESSIVE;
				CLANG_CXX_LANGUAGE_STANDARD = "gnu++20";
				CLANG_ENABLE_MODULES = YES;
				CLANG_ENABLE_OBJC_ARC = YES;
				CLANG_ENABLE_OBJC_WEAK = YES;
				CLANG_WARN_BLOCK_CAPTURE_AUTORELEASING = YES;
				CLANG_WARN_BOOL_CONVERSION = YES;
				CLANG_WARN_COMMA = YES;
				CLANG_WARN_CONSTANT_CONVERSION = YES;
				CLANG_WARN_DEPRECATED_OBJC_IMPLEMENTATIONS = YES;
				CLANG_WARN_DIRECT_OBJC_ISA_USAGE = YES_ERROR;
				CLANG_WARN_DOCUMENTATION_COMMENTS = YES;
				CLANG_WARN_EMPTY_BODY = YES;
				CLANG_WARN_ENUM_CONVERSION = YES;
				CLANG_WARN_INFINITE_RECURSION = YES;
				CLANG_WARN_INT_CONVERSION = YES;
				CLANG_WARN_NON_LITERAL_NULL_CONVERSION = YES;
				CLANG_WARN_OBJC_IMPLICIT_RETAIN_SELF = YES;
				CLANG_WARN_OBJC_LITERAL_CONVERSION = YES;
				CLANG_WARN_OBJC_ROOT_CLASS = YES_ERROR;
				CLANG_WARN_QUOTED_INCLUDE_IN_FRAMEWORK_HEADER = YES;
				CLANG_WARN_RANGE_LOOP_ANALYSIS = YES;
				CLANG_WARN_STRICT_PROTOTYPES = YES;
				CLANG_WARN_SUSPICIOUS_MOVE = YES;
				CLANG_WARN_UNGUARDED_AVAILABILITY = YES_AGGRESSIVE;
				CLANG_WARN_UNREACHABLE_CODE = YES;
				CLANG_WARN__DUPLICATE_METHOD_MATCH = YES;
				COPY_PHASE_STRIP = NO;
				DEBUG_INFORMATION_FORMAT = "dwarf-with-dsym";
				ENABLE_NS_ASSERTIONS = NO;
				ENABLE_STRICT_OBJC_MSGSEND = YES;
				GCC_C_LANGUAGE_STANDARD = gnu11;
				GCC_NO_COMMON_BLOCKS = YES;
				GCC_WARN_64_TO_32_BIT_CONVERSION = YES;
				GCC_WARN_ABOUT_RETURN_TYPE = YES_ERROR;
				GCC_WARN_UNDECLARED_SELECTOR = YES;
				GCC_WARN_UNINITIALIZED_AUTOS = YES_AGGRESSIVE;
				GCC_WARN_UNUSED_FUNCTION = YES;
				GCC_WARN_UNUSED_VARIABLE = YES;
				MTL_ENABLE_DEBUG_INFO = NO;
				MTL_FAST_MATH = YES;
				SWIFT_COMPILATION_MODE = wholemodule;
				SWIFT_OPTIMIZATION_LEVEL = "-O";
			};
			name = Release;
		};
		AADBBC7B2931C77D00698658 /* Debug */ = {
			isa = XCBuildConfiguration;
			buildSettings = {
				ASSETCATALOG_COMPILER_APPICON_NAME = AppIcon;
				ASSETCATALOG_COMPILER_GLOBAL_ACCENT_COLOR_NAME = AccentColor;
				CODE_SIGN_ENTITLEMENTS = ChatAppUIMacOS/ChatAppUIMacOS.entitlements;
				CODE_SIGN_STYLE = Automatic;
				CURRENT_PROJECT_VERSION = 1;
				DEVELOPMENT_ASSET_PATHS = "\"ChatAppUIMacOS/Preview Content\"";
				DEVELOPMENT_TEAM = 2UYV54B9WB;
				ENABLE_HARDENED_RUNTIME = YES;
				ENABLE_PREVIEWS = YES;
				GENERATE_INFOPLIST_FILE = YES;
				"INFOPLIST_KEY_UIApplicationSceneManifest_Generation[sdk=iphoneos*]" = YES;
				"INFOPLIST_KEY_UIApplicationSceneManifest_Generation[sdk=iphonesimulator*]" = YES;
				"INFOPLIST_KEY_UIApplicationSupportsIndirectInputEvents[sdk=iphoneos*]" = YES;
				"INFOPLIST_KEY_UIApplicationSupportsIndirectInputEvents[sdk=iphonesimulator*]" = YES;
				"INFOPLIST_KEY_UILaunchScreen_Generation[sdk=iphoneos*]" = YES;
				"INFOPLIST_KEY_UILaunchScreen_Generation[sdk=iphonesimulator*]" = YES;
				"INFOPLIST_KEY_UIStatusBarStyle[sdk=iphoneos*]" = UIStatusBarStyleDefault;
				"INFOPLIST_KEY_UIStatusBarStyle[sdk=iphonesimulator*]" = UIStatusBarStyleDefault;
				INFOPLIST_KEY_UISupportedInterfaceOrientations_iPad = "UIInterfaceOrientationPortrait UIInterfaceOrientationPortraitUpsideDown UIInterfaceOrientationLandscapeLeft UIInterfaceOrientationLandscapeRight";
				INFOPLIST_KEY_UISupportedInterfaceOrientations_iPhone = "UIInterfaceOrientationPortrait UIInterfaceOrientationLandscapeLeft UIInterfaceOrientationLandscapeRight";
				IPHONEOS_DEPLOYMENT_TARGET = 16.0;
				LD_RUNPATH_SEARCH_PATHS = "@executable_path/Frameworks";
				"LD_RUNPATH_SEARCH_PATHS[sdk=macosx*]" = "@executable_path/../Frameworks";
				MACOSX_DEPLOYMENT_TARGET = 12.3;
				MARKETING_VERSION = 1.0;
				PRODUCT_BUNDLE_IDENTIFIER = com.alaxhenry.ChatAppUIMacOS;
				PRODUCT_NAME = "$(TARGET_NAME)";
				SDKROOT = auto;
				SUPPORTED_PLATFORMS = "iphoneos iphonesimulator macosx";
				SWIFT_EMIT_LOC_STRINGS = YES;
				SWIFT_VERSION = 5.0;
				TARGETED_DEVICE_FAMILY = "1,2";
			};
			name = Debug;
		};
		AADBBC7C2931C77D00698658 /* Release */ = {
			isa = XCBuildConfiguration;
			buildSettings = {
				ASSETCATALOG_COMPILER_APPICON_NAME = AppIcon;
				ASSETCATALOG_COMPILER_GLOBAL_ACCENT_COLOR_NAME = AccentColor;
				CODE_SIGN_ENTITLEMENTS = ChatAppUIMacOS/ChatAppUIMacOS.entitlements;
				CODE_SIGN_STYLE = Automatic;
				CURRENT_PROJECT_VERSION = 1;
				DEVELOPMENT_ASSET_PATHS = "\"ChatAppUIMacOS/Preview Content\"";
				DEVELOPMENT_TEAM = 2UYV54B9WB;
				ENABLE_HARDENED_RUNTIME = YES;
				ENABLE_PREVIEWS = YES;
				GENERATE_INFOPLIST_FILE = YES;
				"INFOPLIST_KEY_UIApplicationSceneManifest_Generation[sdk=iphoneos*]" = YES;
				"INFOPLIST_KEY_UIApplicationSceneManifest_Generation[sdk=iphonesimulator*]" = YES;
				"INFOPLIST_KEY_UIApplicationSupportsIndirectInputEvents[sdk=iphoneos*]" = YES;
				"INFOPLIST_KEY_UIApplicationSupportsIndirectInputEvents[sdk=iphonesimulator*]" = YES;
				"INFOPLIST_KEY_UILaunchScreen_Generation[sdk=iphoneos*]" = YES;
				"INFOPLIST_KEY_UILaunchScreen_Generation[sdk=iphonesimulator*]" = YES;
				"INFOPLIST_KEY_UIStatusBarStyle[sdk=iphoneos*]" = UIStatusBarStyleDefault;
				"INFOPLIST_KEY_UIStatusBarStyle[sdk=iphonesimulator*]" = UIStatusBarStyleDefault;
				INFOPLIST_KEY_UISupportedInterfaceOrientations_iPad = "UIInterfaceOrientationPortrait UIInterfaceOrientationPortraitUpsideDown UIInterfaceOrientationLandscapeLeft UIInterfaceOrientationLandscapeRight";
				INFOPLIST_KEY_UISupportedInterfaceOrientations_iPhone = "UIInterfaceOrientationPortrait UIInterfaceOrientationLandscapeLeft UIInterfaceOrientationLandscapeRight";
				IPHONEOS_DEPLOYMENT_TARGET = 16.0;
				LD_RUNPATH_SEARCH_PATHS = "@executable_path/Frameworks";
				"LD_RUNPATH_SEARCH_PATHS[sdk=macosx*]" = "@executable_path/../Frameworks";
				MACOSX_DEPLOYMENT_TARGET = 12.3;
				MARKETING_VERSION = 1.0;
				PRODUCT_BUNDLE_IDENTIFIER = com.alaxhenry.ChatAppUIMacOS;
				PRODUCT_NAME = "$(TARGET_NAME)";
				SDKROOT = auto;
				SUPPORTED_PLATFORMS = "iphoneos iphonesimulator macosx";
				SWIFT_EMIT_LOC_STRINGS = YES;
				SWIFT_VERSION = 5.0;
				TARGETED_DEVICE_FAMILY = "1,2";
			};
			name = Release;
		};
/* End XCBuildConfiguration section */

/* Begin XCConfigurationList section */
		AADBBC662931C77A00698658 /* Build configuration list for PBXProject "ChatAppUIMacOS" */ = {
			isa = XCConfigurationList;
			buildConfigurations = (
				AADBBC782931C77D00698658 /* Debug */,
				AADBBC792931C77D00698658 /* Release */,
			);
			defaultConfigurationIsVisible = 0;
			defaultConfigurationName = Release;
		};
		AADBBC7A2931C77D00698658 /* Build configuration list for PBXNativeTarget "ChatAppUIMacOS" */ = {
			isa = XCConfigurationList;
			buildConfigurations = (
				AADBBC7B2931C77D00698658 /* Debug */,
				AADBBC7C2931C77D00698658 /* Release */,
			);
			defaultConfigurationIsVisible = 0;
			defaultConfigurationName = Release;
		};
/* End XCConfigurationList section */
	};
	rootObject = AADBBC632931C77A00698658 /* Project object */;
}
